<?xml version="1.0" encoding="utf-8"?>
<Project ToolsVersion="4.0" xmlns="http://schemas.microsoft.com/developer/msbuild/2003">
  <ItemGroup>
    <ClCompile Include="src\ofApp.cpp">
      <Filter>src</Filter>
    </ClCompile>
    <ClCompile Include="src\main.cpp">
      <Filter>src</Filter>
    </ClCompile>
    <ClCompile Include="..\..\..\addons\ofxGui\src\ofxBaseGui.cpp">
      <Filter>addons\ofxGUI</Filter>
    </ClCompile>
    <ClCompile Include="..\..\..\addons\ofxGui\src\ofxButton.cpp">
      <Filter>addons\ofxGUI</Filter>
    </ClCompile>
    <ClCompile Include="..\..\..\addons\ofxGui\src\ofxGuiGroup.cpp">
      <Filter>addons\ofxGUI</Filter>
    </ClCompile>
    <ClCompile Include="..\..\..\addons\ofxGui\src\ofxLabel.cpp">
      <Filter>addons\ofxGUI</Filter>
    </ClCompile>
    <ClCompile Include="..\..\..\addons\ofxGui\src\ofxPanel.cpp">
      <Filter>addons\ofxGUI</Filter>
    </ClCompile>
    <ClCompile Include="..\..\..\addons\ofxGui\src\ofxSlider.cpp">
      <Filter>addons\ofxGUI</Filter>
    </ClCompile>
    <ClCompile Include="..\..\..\addons\ofxGui\src\ofxSliderGroup.cpp">
      <Filter>addons\ofxGUI</Filter>
    </ClCompile>
    <ClCompile Include="..\..\..\addons\ofxGui\src\ofxToggle.cpp">
      <Filter>addons\ofxGUI</Filter>
    </ClCompile>
    <ClCompile Include="src\debugDraw.cpp">
      <Filter>src\debugDraw</Filter>
    </ClCompile>
    <ClCompile Include="src\coreUtils.cpp">
      <Filter>src\utils</Filter>
    </ClCompile>
    <ClCompile Include="src\engineParticles.cpp">
      <Filter>src\particles</Filter>
    </ClCompile>
    <ClCompile Include="src\nebula.cpp">
      <Filter>src\nebula</Filter>
    </ClCompile>
    <ClCompile Include="src\test_ship.cpp">
      <Filter>src\ship</Filter>
    </ClCompile>
    <ClCompile Include="src\shipContactListener.cpp">
      <Filter>src\contactListener</Filter>
    </ClCompile>
    <ClCompile Include="src\gameObject.cpp">
      <Filter>src</Filter>
    </ClCompile>
    <ClCompile Include="src\bulletManager.cpp" />
  </ItemGroup>
  <ItemGroup>
    <Filter Include="src">
      <UniqueIdentifier>{d8376475-7454-4a24-b08a-aac121d3ad6f}</UniqueIdentifier>
    </Filter>
    <Filter Include="addons">
      <UniqueIdentifier>{9d8c1bab-f145-47bc-a166-54706695a41a}</UniqueIdentifier>
    </Filter>
    <Filter Include="addons\ofxGUI">
      <UniqueIdentifier>{a4a1622a-3d9c-41ae-8af5-dbd5b6d1b5d0}</UniqueIdentifier>
    </Filter>
    <Filter Include="src\debugDraw">
      <UniqueIdentifier>{57ecb88d-ae3b-486a-8039-90282d1bb6f7}</UniqueIdentifier>
    </Filter>
    <Filter Include="src\utils">
      <UniqueIdentifier>{574ce720-9098-4f0f-9f09-94ce068692f4}</UniqueIdentifier>
    </Filter>
    <Filter Include="src\particles">
      <UniqueIdentifier>{6a0dc0da-f3de-4f14-92ad-516e9fd4c70f}</UniqueIdentifier>
    </Filter>
    <Filter Include="src\nebula">
      <UniqueIdentifier>{55e1a347-c19d-4b0c-85c9-db5ac3215c96}</UniqueIdentifier>
    </Filter>
    <Filter Include="src\ship">
      <UniqueIdentifier>{7515d96a-d37f-46e4-b1d5-96d13d440a63}</UniqueIdentifier>
    </Filter>
    <Filter Include="src\contactListener">
      <UniqueIdentifier>{b7f360eb-b079-484c-be23-9d50d686da07}</UniqueIdentifier>
    </Filter>
  </ItemGroup>
  <ItemGroup>
    <ClInclude Include="src\ofApp.h">
      <Filter>src</Filter>
    </ClInclude>
    <ClInclude Include="..\..\..\addons\ofxGui\src\ofxBaseGui.h">
      <Filter>addons\ofxGUI</Filter>
    </ClInclude>
    <ClInclude Include="..\..\..\addons\ofxGui\src\ofxButton.h">
      <Filter>addons\ofxGUI</Filter>
    </ClInclude>
    <ClInclude Include="..\..\..\addons\ofxGui\src\ofxGui.h">
      <Filter>addons\ofxGUI</Filter>
    </ClInclude>
    <ClInclude Include="..\..\..\addons\ofxGui\src\ofxGuiGroup.h">
      <Filter>addons\ofxGUI</Filter>
    </ClInclude>
    <ClInclude Include="..\..\..\addons\ofxGui\src\ofxLabel.h">
      <Filter>addons\ofxGUI</Filter>
    </ClInclude>
    <ClInclude Include="..\..\..\addons\ofxGui\src\ofxPanel.h">
      <Filter>addons\ofxGUI</Filter>
    </ClInclude>
    <ClInclude Include="..\..\..\addons\ofxGui\src\ofxSlider.h">
      <Filter>addons\ofxGUI</Filter>
    </ClInclude>
    <ClInclude Include="..\..\..\addons\ofxGui\src\ofxSliderGroup.h">
      <Filter>addons\ofxGUI</Filter>
    </ClInclude>
    <ClInclude Include="..\..\..\addons\ofxGui\src\ofxToggle.h">
      <Filter>addons\ofxGUI</Filter>
    </ClInclude>
    <ClInclude Include="src\debugDraw.h">
      <Filter>src\debugDraw</Filter>
    </ClInclude>
    <ClInclude Include="src\coreUtils.h">
      <Filter>src\utils</Filter>
    </ClInclude>
    <ClInclude Include="src\engineParticles.h">
      <Filter>src\particles</Filter>
    </ClInclude>
    <ClInclude Include="src\nebula.h">
      <Filter>src\nebula</Filter>
    </ClInclude>
    <ClInclude Include="src\test_ship.h">
      <Filter>src\ship</Filter>
    </ClInclude>
    <ClInclude Include="src\shipContactListener.h">
      <Filter>src\contactListener</Filter>
    </ClInclude>
    <ClInclude Include="src\gameObject.h">
      <Filter>src</Filter>
    </ClInclude>
    <ClInclude Include="src\bulletManager.h" />
  </ItemGroup>
  <ItemGroup>
    <ResourceCompile Include="icon.rc" />
  </ItemGroup>
  <ItemGroup>
    <Library Include="lib\Box2D.lib" />
  </ItemGroup>
</Project>